
Microsoft Visual Studio Solution File, Format Version 12.00
# Visual Studio 15
VisualStudioVersion = 15.0.27428.2037
MinimumVisualStudioVersion = 10.0.40219.1
Project("{9A19103F-16F7-4668-BE54-9A1E7A4F7556}") = "HereAPI", "HereAPI\HereAPI.csproj", "{6C627074-A801-4C16-AC87-BD168E06BAA0}"
EndProject
Project("{FAE04EC0-301F-11D3-BF4B-00C04F79EFBC}") = "Trials", "Trials\Trials.csproj", "{45BF7D53-2EF6-4DCD-AA8E-CF2B8F42A8B5}"
EndProject
Project("{FAE04EC0-301F-11D3-BF4B-00C04F79EFBC}") = "HereAPI.Tests", "HereAPI.Tests\HereAPI.Tests.csproj", "{7B99A229-207D-4657-BE31-3186901E3026}"
EndProject
Global
	GlobalSection(SolutionConfigurationPlatforms) = preSolution
		Debug|Any CPU = Debug|Any CPU
		Release|Any CPU = Release|Any CPU
	EndGlobalSection
	GlobalSection(ProjectConfigurationPlatforms) = postSolution
		{6C627074-A801-4C16-AC87-BD168E06BAA0}.Debug|Any CPU.ActiveCfg = Debug|Any CPU
		{6C627074-A801-4C16-AC87-BD168E06BAA0}.Debug|Any CPU.Build.0 = Debug|Any CPU
		{6C627074-A801-4C16-AC87-BD168E06BAA0}.Release|Any CPU.ActiveCfg = Release|Any CPU
		{6C627074-A801-4C16-AC87-BD168E06BAA0}.Release|Any CPU.Build.0 = Release|Any CPU
		{45BF7D53-2EF6-4DCD-AA8E-CF2B8F42A8B5}.Debug|Any CPU.ActiveCfg = Debug|Any CPU
		{45BF7D53-2EF6-4DCD-AA8E-CF2B8F42A8B5}.Debug|Any CPU.Build.0 = Debug|Any CPU
		{45BF7D53-2EF6-4DCD-AA8E-CF2B8F42A8B5}.Release|Any CPU.ActiveCfg = Release|Any CPU
		{45BF7D53-2EF6-4DCD-AA8E-CF2B8F42A8B5}.Release|Any CPU.Build.0 = Release|Any CPU
		{7B99A229-207D-4657-BE31-3186901E3026}.Debug|Any CPU.ActiveCfg = Debug|Any CPU
		{7B99A229-207D-4657-BE31-3186901E3026}.Debug|Any CPU.Build.0 = Debug|Any CPU
		{7B99A229-207D-4657-BE31-3186901E3026}.Release|Any CPU.ActiveCfg = Release|Any CPU
		{7B99A229-207D-4657-BE31-3186901E3026}.Release|Any CPU.Build.0 = Release|Any CPU
	EndGlobalSection
	GlobalSection(SolutionProperties) = preSolution
		HideSolutionNode = FALSE
	EndGlobalSection
	GlobalSection(ExtensibilityGlobals) = postSolution
		SolutionGuid = {5BE2B77E-174D-4A16-9458-8ED5605B3DB1}
	EndGlobalSection
EndGlobal
